
Microsoft Visual Studio Solution File, Format Version 12.00
# Visual Studio Version 16
VisualStudioVersion = 16.0.32228.343
MinimumVisualStudioVersion = 10.0.40219.1
Project("{FAE04EC0-301F-11D3-BF4B-00C04F79EFBC}") = "MaqAPI.Aplicacion", "MaqAPI.Aplicacion\MaqAPI.Aplicacion.csproj", "{11C944FD-ED77-460A-A376-DA87CE154C45}"
EndProject
Project("{FAE04EC0-301F-11D3-BF4B-00C04F79EFBC}") = "MaqAPI.Datos", "MaqAPI.Datos\MaqAPI.Datos.csproj", "{CAF30796-D408-45C6-87C0-B10EEB0E71D3}"
EndProject
Project("{FAE04EC0-301F-11D3-BF4B-00C04F79EFBC}") = "MaqAPI.Servicios", "MaqAPI.Servicios\MaqAPI.Servicios.csproj", "{F4A40F07-C7F3-420E-B8BC-EA3360E945F6}"
EndProject
Project("{FAE04EC0-301F-11D3-BF4B-00C04F79EFBC}") = "MaqAPI.Entidades", "MaqAPI.Entidades\MaqAPI.Entidades.csproj", "{76775EF8-A75A-4A74-9863-BFFE8B69D29A}"
EndProject
Project("{FAE04EC0-301F-11D3-BF4B-00C04F79EFBC}") = "MaqAPI.DTO", "MaqAPI.DTO\MaqAPI.DTO.csproj", "{DD4E39E3-C148-445E-9263-A5522C819D2B}"
EndProject
Project("{FAE04EC0-301F-11D3-BF4B-00C04F79EFBC}") = "MaqAPI.DTOMap", "MaqAPI.DTOMap\MaqAPI.DTOMap.csproj", "{DC9BD450-B082-4310-A68F-45F17D835882}"
EndProject
Project("{FAE04EC0-301F-11D3-BF4B-00C04F79EFBC}") = "MaqAPI.Migracion", "MaqAPI.Migracion\MaqAPI.Migracion.csproj", "{71EE2283-B4D6-4AAE-A55C-DFBE95C1DD0A}"
EndProject
Project("{FAE04EC0-301F-11D3-BF4B-00C04F79EFBC}") = "UnitTestProject1", "UnitTestProject1\UnitTestProject1.csproj", "{5323E1CD-B0BC-4988-A311-7AD204FBB37D}"
EndProject
Project("{FAE04EC0-301F-11D3-BF4B-00C04F79EFBC}") = "MaqAPI.Utilerias", "MaqAPI.Utilerias\MaqAPI.Utilerias.csproj", "{A5B2F741-BA03-49DE-9E9A-CC5987653BC6}"
EndProject
Global
	GlobalSection(SolutionConfigurationPlatforms) = preSolution
		Debug|Any CPU = Debug|Any CPU
		Release|Any CPU = Release|Any CPU
	EndGlobalSection
	GlobalSection(ProjectConfigurationPlatforms) = postSolution
		{11C944FD-ED77-460A-A376-DA87CE154C45}.Debug|Any CPU.ActiveCfg = Debug|Any CPU
		{11C944FD-ED77-460A-A376-DA87CE154C45}.Debug|Any CPU.Build.0 = Debug|Any CPU
		{11C944FD-ED77-460A-A376-DA87CE154C45}.Release|Any CPU.ActiveCfg = Release|Any CPU
		{11C944FD-ED77-460A-A376-DA87CE154C45}.Release|Any CPU.Build.0 = Release|Any CPU
		{CAF30796-D408-45C6-87C0-B10EEB0E71D3}.Debug|Any CPU.ActiveCfg = Debug|Any CPU
		{CAF30796-D408-45C6-87C0-B10EEB0E71D3}.Debug|Any CPU.Build.0 = Debug|Any CPU
		{CAF30796-D408-45C6-87C0-B10EEB0E71D3}.Release|Any CPU.ActiveCfg = Release|Any CPU
		{CAF30796-D408-45C6-87C0-B10EEB0E71D3}.Release|Any CPU.Build.0 = Release|Any CPU
		{F4A40F07-C7F3-420E-B8BC-EA3360E945F6}.Debug|Any CPU.ActiveCfg = Debug|Any CPU
		{F4A40F07-C7F3-420E-B8BC-EA3360E945F6}.Debug|Any CPU.Build.0 = Debug|Any CPU
		{F4A40F07-C7F3-420E-B8BC-EA3360E945F6}.Release|Any CPU.ActiveCfg = Release|Any CPU
		{F4A40F07-C7F3-420E-B8BC-EA3360E945F6}.Release|Any CPU.Build.0 = Release|Any CPU
		{76775EF8-A75A-4A74-9863-BFFE8B69D29A}.Debug|Any CPU.ActiveCfg = Debug|Any CPU
		{76775EF8-A75A-4A74-9863-BFFE8B69D29A}.Debug|Any CPU.Build.0 = Debug|Any CPU
		{76775EF8-A75A-4A74-9863-BFFE8B69D29A}.Release|Any CPU.ActiveCfg = Release|Any CPU
		{76775EF8-A75A-4A74-9863-BFFE8B69D29A}.Release|Any CPU.Build.0 = Release|Any CPU
		{DD4E39E3-C148-445E-9263-A5522C819D2B}.Debug|Any CPU.ActiveCfg = Debug|Any CPU
		{DD4E39E3-C148-445E-9263-A5522C819D2B}.Debug|Any CPU.Build.0 = Debug|Any CPU
		{DD4E39E3-C148-445E-9263-A5522C819D2B}.Release|Any CPU.ActiveCfg = Release|Any CPU
		{DD4E39E3-C148-445E-9263-A5522C819D2B}.Release|Any CPU.Build.0 = Release|Any CPU
		{DC9BD450-B082-4310-A68F-45F17D835882}.Debug|Any CPU.ActiveCfg = Debug|Any CPU
		{DC9BD450-B082-4310-A68F-45F17D835882}.Debug|Any CPU.Build.0 = Debug|Any CPU
		{DC9BD450-B082-4310-A68F-45F17D835882}.Release|Any CPU.ActiveCfg = Release|Any CPU
		{DC9BD450-B082-4310-A68F-45F17D835882}.Release|Any CPU.Build.0 = Release|Any CPU
		{71EE2283-B4D6-4AAE-A55C-DFBE95C1DD0A}.Debug|Any CPU.ActiveCfg = Debug|Any CPU
		{71EE2283-B4D6-4AAE-A55C-DFBE95C1DD0A}.Debug|Any CPU.Build.0 = Debug|Any CPU
		{71EE2283-B4D6-4AAE-A55C-DFBE95C1DD0A}.Release|Any CPU.ActiveCfg = Release|Any CPU
		{71EE2283-B4D6-4AAE-A55C-DFBE95C1DD0A}.Release|Any CPU.Build.0 = Release|Any CPU
		{5323E1CD-B0BC-4988-A311-7AD204FBB37D}.Debug|Any CPU.ActiveCfg = Debug|Any CPU
		{5323E1CD-B0BC-4988-A311-7AD204FBB37D}.Debug|Any CPU.Build.0 = Debug|Any CPU
		{5323E1CD-B0BC-4988-A311-7AD204FBB37D}.Release|Any CPU.ActiveCfg = Release|Any CPU
		{5323E1CD-B0BC-4988-A311-7AD204FBB37D}.Release|Any CPU.Build.0 = Release|Any CPU
		{A5B2F741-BA03-49DE-9E9A-CC5987653BC6}.Debug|Any CPU.ActiveCfg = Debug|Any CPU
		{A5B2F741-BA03-49DE-9E9A-CC5987653BC6}.Debug|Any CPU.Build.0 = Debug|Any CPU
		{A5B2F741-BA03-49DE-9E9A-CC5987653BC6}.Release|Any CPU.ActiveCfg = Release|Any CPU
		{A5B2F741-BA03-49DE-9E9A-CC5987653BC6}.Release|Any CPU.Build.0 = Release|Any CPU
	EndGlobalSection
	GlobalSection(SolutionProperties) = preSolution
		HideSolutionNode = FALSE
	EndGlobalSection
	GlobalSection(ExtensibilityGlobals) = postSolution
		SolutionGuid = {5C7FE114-4567-4EA2-A37F-1A5EEDC3DF11}
	EndGlobalSection
EndGlobal
